
Microsoft Visual Studio Solution File, Format Version 12.00
# Visual Studio Version 17
VisualStudioVersion = 17.14.36414.22 d17.14
MinimumVisualStudioVersion = 10.0.40219.1
Project("{FAE04EC0-301F-11D3-BF4B-00C04F79EFBC}") = "Self Tracker", "Self Tracker.csproj", "{7EAEF8C0-E814-4532-9E66-E58AEE0A0A39}"
EndProject
Global
	GlobalSection(SolutionConfigurationPlatforms) = preSolution
		Debug|Any CPU = Debug|Any CPU
		Release|Any CPU = Release|Any CPU
	EndGlobalSection
	GlobalSection(ProjectConfigurationPlatforms) = postSolution
		{7EAEF8C0-E814-4532-9E66-E58AEE0A0A39}.Debug|Any CPU.ActiveCfg = Debug|Any CPU
		{7EAEF8C0-E814-4532-9E66-E58AEE0A0A39}.Debug|Any CPU.Build.0 = Debug|Any CPU
		{7EAEF8C0-E814-4532-9E66-E58AEE0A0A39}.Release|Any CPU.ActiveCfg = Release|Any CPU
		{7EAEF8C0-E814-4532-9E66-E58AEE0A0A39}.Release|Any CPU.Build.0 = Release|Any CPU
	EndGlobalSection
	GlobalSection(SolutionProperties) = preSolution
		HideSolutionNode = FALSE
	EndGlobalSection
	GlobalSection(ExtensibilityGlobals) = postSolution
		SolutionGuid = {B1748C22-15FD-4CDD-9BE1-DC92500EB67D}
	EndGlobalSection
EndGlobal
